// !$*UTF8*$!
{
	archiveVersion = 1;
	classes = {
	};
	objectVersion = 56;
	objects = {

/* Begin PBXBuildFile section */
		8DB11CAE2CA57E2A00C2FCCD /* AppDelegate.swift in Sources */ = {isa = PBXBuildFile; fileRef = 8DB11CAD2CA57E2A00C2FCCD /* AppDelegate.swift */; };
		8DB11CB02CA57E2A00C2FCCD /* SceneDelegate.swift in Sources */ = {isa = PBXBuildFile; fileRef = 8DB11CAF2CA57E2A00C2FCCD /* SceneDelegate.swift */; };
		8DB11CB22CA57E2A00C2FCCD /* ViewController.swift in Sources */ = {isa = PBXBuildFile; fileRef = 8DB11CB12CA57E2A00C2FCCD /* ViewController.swift */; };
		8DB11CB52CA57E2A00C2FCCD /* Base in Resources */ = {isa = PBXBuildFile; fileRef = 8DB11CB42CA57E2A00C2FCCD /* Base */; };
		8DB11CB72CA57E2D00C2FCCD /* Assets.xcassets in Resources */ = {isa = PBXBuildFile; fileRef = 8DB11CB62CA57E2D00C2FCCD /* Assets.xcassets */; };
		8DB11CBA2CA57E2D00C2FCCD /* Base in Resources */ = {isa = PBXBuildFile; fileRef = 8DB11CB92CA57E2D00C2FCCD /* Base */; };
		8DB11CC52CA57E2D00C2FCCD /* CalculatorAppTests.swift in Sources */ = {isa = PBXBuildFile; fileRef = 8DB11CC42CA57E2D00C2FCCD /* CalculatorAppTests.swift */; };
		8DB11CCF2CA57E2D00C2FCCD /* CalculatorAppUITests.swift in Sources */ = {isa = PBXBuildFile; fileRef = 8DB11CCE2CA57E2D00C2FCCD /* CalculatorAppUITests.swift */; };
		8DB11CD12CA57E2D00C2FCCD /* CalculatorAppUITestsLaunchTests.swift in Sources */ = {isa = PBXBuildFile; fileRef = 8DB11CD02CA57E2D00C2FCCD /* CalculatorAppUITestsLaunchTests.swift */; };
/* End PBXBuildFile section */

/* Begin PBXContainerItemProxy section */
		8DB11CC12CA57E2D00C2FCCD /* PBXContainerItemProxy */ = {
			isa = PBXContainerItemProxy;
			containerPortal = 8DB11CA22CA57E2A00C2FCCD /* Project object */;
			proxyType = 1;
			remoteGlobalIDString = 8DB11CA92CA57E2A00C2FCCD;
			remoteInfo = CalculatorApp;
		};
		8DB11CCB2CA57E2D00C2FCCD /* PBXContainerItemProxy */ = {
			isa = PBXContainerItemProxy;
			containerPortal = 8DB11CA22CA57E2A00C2FCCD /* Project object */;
			proxyType = 1;
			remoteGlobalIDString = 8DB11CA92CA57E2A00C2FCCD;
			remoteInfo = CalculatorApp;
		};
/* End PBXContainerItemProxy section */

/* Begin PBXFileReference section */
		8DB11CAA2CA57E2A00C2FCCD /* CalculatorApp.app */ = {isa = PBXFileReference; explicitFileType = wrapper.application; includeInIndex = 0; path = CalculatorApp.app; sourceTree = BUILT_PRODUCTS_DIR; };
		8DB11CAD2CA57E2A00C2FCCD /* AppDelegate.swift */ = {isa = PBXFileReference; lastKnownFileType = sourcecode.swift; path = AppDelegate.swift; sourceTree = "<group>"; };
		8DB11CAF2CA57E2A00C2FCCD /* SceneDelegate.swift */ = {isa = PBXFileReference; lastKnownFileType = sourcecode.swift; path = SceneDelegate.swift; sourceTree = "<group>"; };
		8DB11CB12CA57E2A00C2FCCD /* ViewController.swift */ = {isa = PBXFileReference; lastKnownFileType = sourcecode.swift; path = ViewController.swift; sourceTree = "<group>"; };
		8DB11CB42CA57E2A00C2FCCD /* Base */ = {isa = PBXFileReference; lastKnownFileType = file.storyboard; name = Base; path = Base.lproj/Main.storyboard; sourceTree = "<group>"; };
		8DB11CB62CA57E2D00C2FCCD /* Assets.xcassets */ = {isa = PBXFileReference; lastKnownFileType = folder.assetcatalog; path = Assets.xcassets; sourceTree = "<group>"; };
		8DB11CB92CA57E2D00C2FCCD /* Base */ = {isa = PBXFileReference; lastKnownFileType = file.storyboard; name = Base; path = Base.lproj/LaunchScreen.storyboard; sourceTree = "<group>"; };
		8DB11CBB2CA57E2D00C2FCCD /* Info.plist */ = {isa = PBXFileReference; lastKnownFileType = text.plist.xml; path = Info.plist; sourceTree = "<group>"; };
		8DB11CC02CA57E2D00C2FCCD /* CalculatorAppTests.xctest */ = {isa = PBXFileReference; explicitFileType = wrapper.cfbundle; includeInIndex = 0; path = CalculatorAppTests.xctest; sourceTree = BUILT_PRODUCTS_DIR; };
		8DB11CC42CA57E2D00C2FCCD /* CalculatorAppTests.swift */ = {isa = PBXFileReference; lastKnownFileType = sourcecode.swift; path = CalculatorAppTests.swift; sourceTree = "<group>"; };
		8DB11CCA2CA57E2D00C2FCCD /* CalculatorAppUITests.xctest */ = {isa = PBXFileReference; explicitFileType = wrapper.cfbundle; includeInIndex = 0; path = CalculatorAppUITests.xctest; sourceTree = BUILT_PRODUCTS_DIR; };
		8DB11CCE2CA57E2D00C2FCCD /* CalculatorAppUITests.swift */ = {isa = PBXFileReference; lastKnownFileType = sourcecode.swift; path = CalculatorAppUITests.swift; sourceTree = "<group>"; };
		8DB11CD02CA57E2D00C2FCCD /* CalculatorAppUITestsLaunchTests.swift */ = {isa = PBXFileReference; lastKnownFileType = sourcecode.swift; path = CalculatorAppUITestsLaunchTests.swift; sourceTree = "<group>"; };
/* End PBXFileReference section */

/* Begin PBXFrameworksBuildPhase section */
		8DB11CA72CA57E2A00C2FCCD /* Frameworks */ = {
			isa = PBXFrameworksBuildPhase;
			buildActionMask = 2147483647;
			files = (
			);
			runOnlyForDeploymentPostprocessing = 0;
		};
		8DB11CBD2CA57E2D00C2FCCD /* Frameworks */ = {
			isa = PBXFrameworksBuildPhase;
			buildActionMask = 2147483647;
			files = (
			);
			runOnlyForDeploymentPostprocessing = 0;
		};
		8DB11CC72CA57E2D00C2FCCD /* Frameworks */ = {
			isa = PBXFrameworksBuildPhase;
			buildActionMask = 2147483647;
			files = (
			);
			runOnlyForDeploymentPostprocessing = 0;
		};
/* End PBXFrameworksBuildPhase section */

/* Begin PBXGroup section */
		8DB11CA12CA57E2A00C2FCCD = {
			isa = PBXGroup;
			children = (
				8DB11CAC2CA57E2A00C2FCCD /* CalculatorApp */,
				8DB11CC32CA57E2D00C2FCCD /* CalculatorAppTests */,
				8DB11CCD2CA57E2D00C2FCCD /* CalculatorAppUITests */,
				8DB11CAB2CA57E2A00C2FCCD /* Products */,
			);
			sourceTree = "<group>";
		};
		8DB11CAB2CA57E2A00C2FCCD /* Products */ = {
			isa = PBXGroup;
			children = (
				8DB11CAA2CA57E2A00C2FCCD /* CalculatorApp.app */,
				8DB11CC02CA57E2D00C2FCCD /* CalculatorAppTests.xctest */,
				8DB11CCA2CA57E2D00C2FCCD /* CalculatorAppUITests.xctest */,
			);
			name = Products;
			sourceTree = "<group>";
		};
		8DB11CAC2CA57E2A00C2FCCD /* CalculatorApp */ = {
			isa = PBXGroup;
			children = (
				8DB11CAD2CA57E2A00C2FCCD /* AppDelegate.swift */,
				8DB11CAF2CA57E2A00C2FCCD /* SceneDelegate.swift */,
				8DB11CB12CA57E2A00C2FCCD /* ViewController.swift */,
				8DB11CB32CA57E2A00C2FCCD /* Main.storyboard */,
				8DB11CB62CA57E2D00C2FCCD /* Assets.xcassets */,
				8DB11CB82CA57E2D00C2FCCD /* LaunchScreen.storyboard */,
				8DB11CBB2CA57E2D00C2FCCD /* Info.plist */,
			);
			path = CalculatorApp;
			sourceTree = "<group>";
		};
		8DB11CC32CA57E2D00C2FCCD /* CalculatorAppTests */ = {
			isa = PBXGroup;
			children = (
				8DB11CC42CA57E2D00C2FCCD /* CalculatorAppTests.swift */,
			);
			path = CalculatorAppTests;
			sourceTree = "<group>";
		};
		8DB11CCD2CA57E2D00C2FCCD /* CalculatorAppUITests */ = {
			isa = PBXGroup;
			children = (
				8DB11CCE2CA57E2D00C2FCCD /* CalculatorAppUITests.swift */,
				8DB11CD02CA57E2D00C2FCCD /* CalculatorAppUITestsLaunchTests.swift */,
			);
			path = CalculatorAppUITests;
			sourceTree = "<group>";
		};
/* End PBXGroup section */

/* Begin PBXNativeTarget section */
		8DB11CA92CA57E2A00C2FCCD /* CalculatorApp */ = {
			isa = PBXNativeTarget;
			buildConfigurationList = 8DB11CD42CA57E2D00C2FCCD /* Build configuration list for PBXNativeTarget "CalculatorApp" */;
			buildPhases = (
				8DB11CA62CA57E2A00C2FCCD /* Sources */,
				8DB11CA72CA57E2A00C2FCCD /* Frameworks */,
				8DB11CA82CA57E2A00C2FCCD /* Resources */,
			);
			buildRules = (
			);
			dependencies = (
			);
			name = CalculatorApp;
			productName = CalculatorApp;
			productReference = 8DB11CAA2CA57E2A00C2FCCD /* CalculatorApp.app */;
			productType = "com.apple.product-type.application";
		};
		8DB11CBF2CA57E2D00C2FCCD /* CalculatorAppTests */ = {
			isa = PBXNativeTarget;
			buildConfigurationList = 8DB11CD72CA57E2D00C2FCCD /* Build configuration list for PBXNativeTarget "CalculatorAppTests" */;
			buildPhases = (
				8DB11CBC2CA57E2D00C2FCCD /* Sources */,
				8DB11CBD2CA57E2D00C2FCCD /* Frameworks */,
				8DB11CBE2CA57E2D00C2FCCD /* Resources */,
			);
			buildRules = (
			);
			dependencies = (
				8DB11CC22CA57E2D00C2FCCD /* PBXTargetDependency */,
			);
			name = CalculatorAppTests;
			productName = CalculatorAppTests;
			productReference = 8DB11CC02CA57E2D00C2FCCD /* CalculatorAppTests.xctest */;
			productType = "com.apple.product-type.bundle.unit-test";
		};
		8DB11CC92CA57E2D00C2FCCD /* CalculatorAppUITests */ = {
			isa = PBXNativeTarget;
			buildConfigurationList = 8DB11CDA2CA57E2D00C2FCCD /* Build configuration list for PBXNativeTarget "CalculatorAppUITests" */;
			buildPhases = (
				8DB11CC62CA57E2D00C2FCCD /* Sources */,
				8DB11CC72CA57E2D00C2FCCD /* Frameworks */,
				8DB11CC82CA57E2D00C2FCCD /* Resources */,
			);
			buildRules = (
			);
			dependencies = (
				8DB11CCC2CA57E2D00C2FCCD /* PBXTargetDependency */,
			);
			name = CalculatorAppUITests;
			productName = CalculatorAppUITests;
			productReference = 8DB11CCA2CA57E2D00C2FCCD /* CalculatorAppUITests.xctest */;
			productType = "com.apple.product-type.bundle.ui-testing";
		};
/* End PBXNativeTarget section */

/* Begin PBXProject section */
		8DB11CA22CA57E2A00C2FCCD /* Project object */ = {
			isa = PBXProject;
			attributes = {
				BuildIndependentTargetsInParallel = 1;
				LastSwiftUpdateCheck = 1540;
				LastUpgradeCheck = 1540;
				TargetAttributes = {
					8DB11CA92CA57E2A00C2FCCD = {
						CreatedOnToolsVersion = 15.4;
					};
					8DB11CBF2CA57E2D00C2FCCD = {
						CreatedOnToolsVersion = 15.4;
						TestTargetID = 8DB11CA92CA57E2A00C2FCCD;
					};
					8DB11CC92CA57E2D00C2FCCD = {
						CreatedOnToolsVersion = 15.4;
						TestTargetID = 8DB11CA92CA57E2A00C2FCCD;
					};
				};
			};
			buildConfigurationList = 8DB11CA52CA57E2A00C2FCCD /* Build configuration list for PBXProject "CalculatorApp" */;
			compatibilityVersion = "Xcode 14.0";
			developmentRegion = en;
			hasScannedForEncodings = 0;
			knownRegions = (
				en,
				Base,
			);
			mainGroup = 8DB11CA12CA57E2A00C2FCCD;
			productRefGroup = 8DB11CAB2CA57E2A00C2FCCD /* Products */;
			projectDirPath = "";
			projectRoot = "";
			targets = (
				8DB11CA92CA57E2A00C2FCCD /* CalculatorApp */,
				8DB11CBF2CA57E2D00C2FCCD /* CalculatorAppTests */,
				8DB11CC92CA57E2D00C2FCCD /* CalculatorAppUITests */,
			);
		};
/* End PBXProject section */

/* Begin PBXResourcesBuildPhase section */
		8DB11CA82CA57E2A00C2FCCD /* Resources */ = {
			isa = PBXResourcesBuildPhase;
			buildActionMask = 2147483647;
			files = (
				8DB11CB72CA57E2D00C2FCCD /* Assets.xcassets in Resources */,
				8DB11CBA2CA57E2D00C2FCCD /* Base in Resources */,
				8DB11CB52CA57E2A00C2FCCD /* Base in Resources */,
			);
			runOnlyForDeploymentPostprocessing = 0;
		};
		8DB11CBE2CA57E2D00C2FCCD /* Resources */ = {
			isa = PBXResourcesBuildPhase;
			buildActionMask = 2147483647;
			files = (
			);
			runOnlyForDeploymentPostprocessing = 0;
		};
		8DB11CC82CA57E2D00C2FCCD /* Resources */ = {
			isa = PBXResourcesBuildPhase;
			buildActionMask = 2147483647;
			files = (
			);
			runOnlyForDeploymentPostprocessing = 0;
		};
/* End PBXResourcesBuildPhase section */

/* Begin PBXSourcesBuildPhase section */
		8DB11CA62CA57E2A00C2FCCD /* Sources */ = {
			isa = PBXSourcesBuildPhase;
			buildActionMask = 2147483647;
			files = (
				8DB11CB22CA57E2A00C2FCCD /* ViewController.swift in Sources */,
				8DB11CAE2CA57E2A00C2FCCD /* AppDelegate.swift in Sources */,
				8DB11CB02CA57E2A00C2FCCD /* SceneDelegate.swift in Sources */,
			);
			runOnlyForDeploymentPostprocessing = 0;
		};
		8DB11CBC2CA57E2D00C2FCCD /* Sources */ = {
			isa = PBXSourcesBuildPhase;
			buildActionMask = 2147483647;
			files = (
				8DB11CC52CA57E2D00C2FCCD /* CalculatorAppTests.swift in Sources */,
			);
			runOnlyForDeploymentPostprocessing = 0;
		};
		8DB11CC62CA57E2D00C2FCCD /* Sources */ = {
			isa = PBXSourcesBuildPhase;
			buildActionMask = 2147483647;
			files = (
				8DB11CD12CA57E2D00C2FCCD /* CalculatorAppUITestsLaunchTests.swift in Sources */,
				8DB11CCF2CA57E2D00C2FCCD /* CalculatorAppUITests.swift in Sources */,
			);
			runOnlyForDeploymentPostprocessing = 0;
		};
/* End PBXSourcesBuildPhase section */

/* Begin PBXTargetDependency section */
		8DB11CC22CA57E2D00C2FCCD /* PBXTargetDependency */ = {
			isa = PBXTargetDependency;
			target = 8DB11CA92CA57E2A00C2FCCD /* CalculatorApp */;
			targetProxy = 8DB11CC12CA57E2D00C2FCCD /* PBXContainerItemProxy */;
		};
		8DB11CCC2CA57E2D00C2FCCD /* PBXTargetDependency */ = {
			isa = PBXTargetDependency;
			target = 8DB11CA92CA57E2A00C2FCCD /* CalculatorApp */;
			targetProxy = 8DB11CCB2CA57E2D00C2FCCD /* PBXContainerItemProxy */;
		};
/* End PBXTargetDependency section */

/* Begin PBXVariantGroup section */
		8DB11CB32CA57E2A00C2FCCD /* Main.storyboard */ = {
			isa = PBXVariantGroup;
			children = (
				8DB11CB42CA57E2A00C2FCCD /* Base */,
			);
			name = Main.storyboard;
			sourceTree = "<group>";
		};
		8DB11CB82CA57E2D00C2FCCD /* LaunchScreen.storyboard */ = {
			isa = PBXVariantGroup;
			children = (
				8DB11CB92CA57E2D00C2FCCD /* Base */,
			);
			name = LaunchScreen.storyboard;
			sourceTree = "<group>";
		};
/* End PBXVariantGroup section */

/* Begin XCBuildConfiguration section */
		8DB11CD22CA57E2D00C2FCCD /* Debug */ = {
			isa = XCBuildConfiguration;
			buildSettings = {
				ALWAYS_SEARCH_USER_PATHS = NO;
				ASSETCATALOG_COMPILER_GENERATE_SWIFT_ASSET_SYMBOL_EXTENSIONS = YES;
				CLANG_ANALYZER_NONNULL = YES;
				CLANG_ANALYZER_NUMBER_OBJECT_CONVERSION = YES_AGGRESSIVE;
				CLANG_CXX_LANGUAGE_STANDARD = "gnu++20";
				CLANG_ENABLE_MODULES = YES;
				CLANG_ENABLE_OBJC_ARC = YES;
				CLANG_ENABLE_OBJC_WEAK = YES;
				CLANG_WARN_BLOCK_CAPTURE_AUTORELEASING = YES;
				CLANG_WARN_BOOL_CONVERSION = YES;
				CLANG_WARN_COMMA = YES;
				CLANG_WARN_CONSTANT_CONVERSION = YES;
				CLANG_WARN_DEPRECATED_OBJC_IMPLEMENTATIONS = YES;
				CLANG_WARN_DIRECT_OBJC_ISA_USAGE = YES_ERROR;
				CLANG_WARN_DOCUMENTATION_COMMENTS = YES;
				CLANG_WARN_EMPTY_BODY = YES;
				CLANG_WARN_ENUM_CONVERSION = YES;
				CLANG_WARN_INFINITE_RECURSION = YES;
				CLANG_WARN_INT_CONVERSION = YES;
				CLANG_WARN_NON_LITERAL_NULL_CONVERSION = YES;
				CLANG_WARN_OBJC_IMPLICIT_RETAIN_SELF = YES;
				CLANG_WARN_OBJC_LITERAL_CONVERSION = YES;
				CLANG_WARN_OBJC_ROOT_CLASS = YES_ERROR;
				CLANG_WARN_QUOTED_INCLUDE_IN_FRAMEWORK_HEADER = YES;
				CLANG_WARN_RANGE_LOOP_ANALYSIS = YES;
				CLANG_WARN_STRICT_PROTOTYPES = YES;
				CLANG_WARN_SUSPICIOUS_MOVE = YES;
				CLANG_WARN_UNGUARDED_AVAILABILITY = YES_AGGRESSIVE;
				CLANG_WARN_UNREACHABLE_CODE = YES;
				CLANG_WARN__DUPLICATE_METHOD_MATCH = YES;
				COPY_PHASE_STRIP = NO;
				DEBUG_INFORMATION_FORMAT = dwarf;
				ENABLE_STRICT_OBJC_MSGSEND = YES;
				ENABLE_TESTABILITY = YES;
				ENABLE_USER_SCRIPT_SANDBOXING = YES;
				GCC_C_LANGUAGE_STANDARD = gnu17;
				GCC_DYNAMIC_NO_PIC = NO;
				GCC_NO_COMMON_BLOCKS = YES;
				GCC_OPTIMIZATION_LEVEL = 0;
				GCC_PREPROCESSOR_DEFINITIONS = (
					"DEBUG=1",
					"$(inherited)",
				);
				GCC_WARN_64_TO_32_BIT_CONVERSION = YES;
				GCC_WARN_ABOUT_RETURN_TYPE = YES_ERROR;
				GCC_WARN_UNDECLARED_SELECTOR = YES;
				GCC_WARN_UNINITIALIZED_AUTOS = YES_AGGRESSIVE;
				GCC_WARN_UNUSED_FUNCTION = YES;
				GCC_WARN_UNUSED_VARIABLE = YES;
				IPHONEOS_DEPLOYMENT_TARGET = 17.5;
				LOCALIZATION_PREFERS_STRING_CATALOGS = YES;
				MTL_ENABLE_DEBUG_INFO = INCLUDE_SOURCE;
				MTL_FAST_MATH = YES;
				ONLY_ACTIVE_ARCH = YES;
				SDKROOT = iphoneos;
				SWIFT_ACTIVE_COMPILATION_CONDITIONS = "DEBUG $(inherited)";
				SWIFT_OPTIMIZATION_LEVEL = "-Onone";
			};
			name = Debug;
		};
		8DB11CD32CA57E2D00C2FCCD /* Release */ = {
			isa = XCBuildConfiguration;
			buildSettings = {
				ALWAYS_SEARCH_USER_PATHS = NO;
				ASSETCATALOG_COMPILER_GENERATE_SWIFT_ASSET_SYMBOL_EXTENSIONS = YES;
				CLANG_ANALYZER_NONNULL = YES;
				CLANG_ANALYZER_NUMBER_OBJECT_CONVERSION = YES_AGGRESSIVE;
				CLANG_CXX_LANGUAGE_STANDARD = "gnu++20";
				CLANG_ENABLE_MODULES = YES;
				CLANG_ENABLE_OBJC_ARC = YES;
				CLANG_ENABLE_OBJC_WEAK = YES;
				CLANG_WARN_BLOCK_CAPTURE_AUTORELEASING = YES;
				CLANG_WARN_BOOL_CONVERSION = YES;
				CLANG_WARN_COMMA = YES;
				CLANG_WARN_CONSTANT_CONVERSION = YES;
				CLANG_WARN_DEPRECATED_OBJC_IMPLEMENTATIONS = YES;
				CLANG_WARN_DIRECT_OBJC_ISA_USAGE = YES_ERROR;
				CLANG_WARN_DOCUMENTATION_COMMENTS = YES;
				CLANG_WARN_EMPTY_BODY = YES;
				CLANG_WARN_ENUM_CONVERSION = YES;
				CLANG_WARN_INFINITE_RECURSION = YES;
				CLANG_WARN_INT_CONVERSION = YES;
				CLANG_WARN_NON_LITERAL_NULL_CONVERSION = YES;
				CLANG_WARN_OBJC_IMPLICIT_RETAIN_SELF = YES;
				CLANG_WARN_OBJC_LITERAL_CONVERSION = YES;
				CLANG_WARN_OBJC_ROOT_CLASS = YES_ERROR;
				CLANG_WARN_QUOTED_INCLUDE_IN_FRAMEWORK_HEADER = YES;
				CLANG_WARN_RANGE_LOOP_ANALYSIS = YES;
				CLANG_WARN_STRICT_PROTOTYPES = YES;
				CLANG_WARN_SUSPICIOUS_MOVE = YES;
				CLANG_WARN_UNGUARDED_AVAILABILITY = YES_AGGRESSIVE;
				CLANG_WARN_UNREACHABLE_CODE = YES;
				CLANG_WARN__DUPLICATE_METHOD_MATCH = YES;
				COPY_PHASE_STRIP = NO;
				DEBUG_INFORMATION_FORMAT = "dwarf-with-dsym";
				ENABLE_NS_ASSERTIONS = NO;
				ENABLE_STRICT_OBJC_MSGSEND = YES;
				ENABLE_USER_SCRIPT_SANDBOXING = YES;
				GCC_C_LANGUAGE_STANDARD = gnu17;
				GCC_NO_COMMON_BLOCKS = YES;
				GCC_WARN_64_TO_32_BIT_CONVERSION = YES;
				GCC_WARN_ABOUT_RETURN_TYPE = YES_ERROR;
				GCC_WARN_UNDECLARED_SELECTOR = YES;
				GCC_WARN_UNINITIALIZED_AUTOS = YES_AGGRESSIVE;
				GCC_WARN_UNUSED_FUNCTION = YES;
				GCC_WARN_UNUSED_VARIABLE = YES;
				IPHONEOS_DEPLOYMENT_TARGET = 17.5;
				LOCALIZATION_PREFERS_STRING_CATALOGS = YES;
				MTL_ENABLE_DEBUG_INFO = NO;
				MTL_FAST_MATH = YES;
				SDKROOT = iphoneos;
				SWIFT_COMPILATION_MODE = wholemodule;
				VALIDATE_PRODUCT = YES;
			};
			name = Release;
		};
		8DB11CD52CA57E2D00C2FCCD /* Debug */ = {
			isa = XCBuildConfiguration;
			buildSettings = {
				ASSETCATALOG_COMPILER_APPICON_NAME = AppIcon;
				ASSETCATALOG_COMPILER_GLOBAL_ACCENT_COLOR_NAME = AccentColor;
				CODE_SIGN_STYLE = Automatic;
				CURRENT_PROJECT_VERSION = 1;
				GENERATE_INFOPLIST_FILE = YES;
				INFOPLIST_FILE = CalculatorApp/Info.plist;
				INFOPLIST_KEY_UIApplicationSupportsIndirectInputEvents = YES;
				INFOPLIST_KEY_UILaunchStoryboardName = LaunchScreen;
				INFOPLIST_KEY_UIMainStoryboardFile = Main;
				INFOPLIST_KEY_UISupportedInterfaceOrientations_iPad = "UIInterfaceOrientationPortrait UIInterfaceOrientationPortraitUpsideDown UIInterfaceOrientationLandscapeLeft UIInterfaceOrientationLandscapeRight";
				INFOPLIST_KEY_UISupportedInterfaceOrientations_iPhone = "UIInterfaceOrientationPortrait UIInterfaceOrientationLandscapeLeft UIInterfaceOrientationLandscapeRight";
				LD_RUNPATH_SEARCH_PATHS = (
					"$(inherited)",
					"@executable_path/Frameworks",
				);
				MARKETING_VERSION = 1.0;
				PRODUCT_BUNDLE_IDENTIFIER = ios.CalculatorApp;
				PRODUCT_NAME = "$(TARGET_NAME)";
				SWIFT_EMIT_LOC_STRINGS = YES;
				SWIFT_VERSION = 5.0;
				TARGETED_DEVICE_FAMILY = "1,2";
			};
			name = Debug;
		};
		8DB11CD62CA57E2D00C2FCCD /* Release */ = {
			isa = XCBuildConfiguration;
			buildSettings = {
				ASSETCATALOG_COMPILER_APPICON_NAME = AppIcon;
				ASSETCATALOG_COMPILER_GLOBAL_ACCENT_COLOR_NAME = AccentColor;
				CODE_SIGN_STYLE = Automatic;
				CURRENT_PROJECT_VERSION = 1;
				GENERATE_INFOPLIST_FILE = YES;
				INFOPLIST_FILE = CalculatorApp/Info.plist;
				INFOPLIST_KEY_UIApplicationSupportsIndirectInputEvents = YES;
				INFOPLIST_KEY_UILaunchStoryboardName = LaunchScreen;
				INFOPLIST_KEY_UIMainStoryboardFile = Main;
				INFOPLIST_KEY_UISupportedInterfaceOrientations_iPad = "UIInterfaceOrientationPortrait UIInterfaceOrientationPortraitUpsideDown UIInterfaceOrientationLandscapeLeft UIInterfaceOrientationLandscapeRight";
				INFOPLIST_KEY_UISupportedInterfaceOrientations_iPhone = "UIInterfaceOrientationPortrait UIInterfaceOrientationLandscapeLeft UIInterfaceOrientationLandscapeRight";
				LD_RUNPATH_SEARCH_PATHS = (
					"$(inherited)",
					"@executable_path/Frameworks",
				);
				MARKETING_VERSION = 1.0;
				PRODUCT_BUNDLE_IDENTIFIER = ios.CalculatorApp;
				PRODUCT_NAME = "$(TARGET_NAME)";
				SWIFT_EMIT_LOC_STRINGS = YES;
				SWIFT_VERSION = 5.0;
				TARGETED_DEVICE_FAMILY = "1,2";
			};
			name = Release;
		};
		8DB11CD82CA57E2D00C2FCCD /* Debug */ = {
			isa = XCBuildConfiguration;
			buildSettings = {
				ALWAYS_EMBED_SWIFT_STANDARD_LIBRARIES = YES;
				BUNDLE_LOADER = "$(TEST_HOST)";
				CODE_SIGN_STYLE = Automatic;
				CURRENT_PROJECT_VERSION = 1;
				GENERATE_INFOPLIST_FILE = YES;
				IPHONEOS_DEPLOYMENT_TARGET = 17.5;
				MARKETING_VERSION = 1.0;
				PRODUCT_BUNDLE_IDENTIFIER = ios.CalculatorAppTests;
				PRODUCT_NAME = "$(TARGET_NAME)";
				SWIFT_EMIT_LOC_STRINGS = NO;
				SWIFT_VERSION = 5.0;
				TARGETED_DEVICE_FAMILY = "1,2";
				TEST_HOST = "$(BUILT_PRODUCTS_DIR)/CalculatorApp.app/$(BUNDLE_EXECUTABLE_FOLDER_PATH)/CalculatorApp";
			};
			name = Debug;
		};
		8DB11CD92CA57E2D00C2FCCD /* Release */ = {
			isa = XCBuildConfiguration;
			buildSettings = {
				ALWAYS_EMBED_SWIFT_STANDARD_LIBRARIES = YES;
				BUNDLE_LOADER = "$(TEST_HOST)";
				CODE_SIGN_STYLE = Automatic;
				CURRENT_PROJECT_VERSION = 1;
				GENERATE_INFOPLIST_FILE = YES;
				IPHONEOS_DEPLOYMENT_TARGET = 17.5;
				MARKETING_VERSION = 1.0;
				PRODUCT_BUNDLE_IDENTIFIER = ios.CalculatorAppTests;
				PRODUCT_NAME = "$(TARGET_NAME)";
				SWIFT_EMIT_LOC_STRINGS = NO;
				SWIFT_VERSION = 5.0;
				TARGETED_DEVICE_FAMILY = "1,2";
				TEST_HOST = "$(BUILT_PRODUCTS_DIR)/CalculatorApp.app/$(BUNDLE_EXECUTABLE_FOLDER_PATH)/CalculatorApp";
			};
			name = Release;
		};
		8DB11CDB2CA57E2D00C2FCCD /* Debug */ = {
			isa = XCBuildConfiguration;
			buildSettings = {
				ALWAYS_EMBED_SWIFT_STANDARD_LIBRARIES = YES;
				CODE_SIGN_STYLE = Automatic;
				CURRENT_PROJECT_VERSION = 1;
				GENERATE_INFOPLIST_FILE = YES;
				MARKETING_VERSION = 1.0;
				PRODUCT_BUNDLE_IDENTIFIER = ios.CalculatorAppUITests;
				PRODUCT_NAME = "$(TARGET_NAME)";
				SWIFT_EMIT_LOC_STRINGS = NO;
				SWIFT_VERSION = 5.0;
				TARGETED_DEVICE_FAMILY = "1,2";
				TEST_TARGET_NAME = CalculatorApp;
			};
			name = Debug;
		};
		8DB11CDC2CA57E2D00C2FCCD /* Release */ = {
			isa = XCBuildConfiguration;
			buildSettings = {
				ALWAYS_EMBED_SWIFT_STANDARD_LIBRARIES = YES;
				CODE_SIGN_STYLE = Automatic;
				CURRENT_PROJECT_VERSION = 1;
				GENERATE_INFOPLIST_FILE = YES;
				MARKETING_VERSION = 1.0;
				PRODUCT_BUNDLE_IDENTIFIER = ios.CalculatorAppUITests;
				PRODUCT_NAME = "$(TARGET_NAME)";
				SWIFT_EMIT_LOC_STRINGS = NO;
				SWIFT_VERSION = 5.0;
				TARGETED_DEVICE_FAMILY = "1,2";
				TEST_TARGET_NAME = CalculatorApp;
			};
			name = Release;
		};
/* End XCBuildConfiguration section */

/* Begin XCConfigurationList section */
		8DB11CA52CA57E2A00C2FCCD /* Build configuration list for PBXProject "CalculatorApp" */ = {
			isa = XCConfigurationList;
			buildConfigurations = (
				8DB11CD22CA57E2D00C2FCCD /* Debug */,
				8DB11CD32CA57E2D00C2FCCD /* Release */,
			);
			defaultConfigurationIsVisible = 0;
			defaultConfigurationName = Release;
		};
		8DB11CD42CA57E2D00C2FCCD /* Build configuration list for PBXNativeTarget "CalculatorApp" */ = {
			isa = XCConfigurationList;
			buildConfigurations = (
				8DB11CD52CA57E2D00C2FCCD /* Debug */,
				8DB11CD62CA57E2D00C2FCCD /* Release */,
			);
			defaultConfigurationIsVisible = 0;
			defaultConfigurationName = Release;
		};
		8DB11CD72CA57E2D00C2FCCD /* Build configuration list for PBXNativeTarget "CalculatorAppTests" */ = {
			isa = XCConfigurationList;
			buildConfigurations = (
				8DB11CD82CA57E2D00C2FCCD /* Debug */,
				8DB11CD92CA57E2D00C2FCCD /* Release */,
			);
			defaultConfigurationIsVisible = 0;
			defaultConfigurationName = Release;
		};
		8DB11CDA2CA57E2D00C2FCCD /* Build configuration list for PBXNativeTarget "CalculatorAppUITests" */ = {
			isa = XCConfigurationList;
			buildConfigurations = (
				8DB11CDB2CA57E2D00C2FCCD /* Debug */,
				8DB11CDC2CA57E2D00C2FCCD /* Release */,
			);
			defaultConfigurationIsVisible = 0;
			defaultConfigurationName = Release;
		};
/* End XCConfigurationList section */
	};
	rootObject = 8DB11CA22CA57E2A00C2FCCD /* Project object */;
}
